{
  "nodes": {
    "flake-utils": {
      "inputs": {
        "systems": "systems"
      },
      "locked": {
        "lastModified": 1731533236,
        "narHash": "sha256-l0KFg5HjrsfsO/JpG+r7fRrqm12kzFHyUHqHCVpMMbI=",
        "owner": "numtide",
        "repo": "flake-utils",
        "rev": "11707dc2f618dd54ca8739b309ec4fc024de578b",
        "type": "github"
      },
      "original": {
        "owner": "numtide",
        "repo": "flake-utils",
        "type": "github"
      }
    },
    "metadata": {
      "inputs": {
        "flake-utils": [
          "flake-utils"
        ],
        "nixpkgs": [
          "nixpkgs"
        ]
      },
      "locked": {
        "lastModified": 1733276823,
        "narHash": "sha256-gtM9sNZz5ub+ElhtPFx6GcBdbj0vxF6cmDbbjSUH7K4=",
        "owner": "Ninlives",
        "repo": "minecraft.json",
        "rev": "53e5793c14e5d92161c2c0a3b269558e01ccd2ae",
        "type": "github"
      },
      "original": {
        "owner": "Ninlives",
        "repo": "minecraft.json",
        "type": "github"
      }
    },
    "nixpkgs": {
      "locked": {
        "lastModified": 1733449088,
        "narHash": "sha256-VyF20wkE/kPhhQhVMIgBs3eIvGL5LPXMgTLlT5jDFXE=",
        "owner": "NixOS",
        "repo": "nixpkgs",
        "rev": "5eafabf8dba1fd00fe3a6beb232c69b87b8f6095",
        "type": "github"
      },
      "original": {
        "owner": "NixOS",
        "repo": "nixpkgs",
        "type": "github"
      }
    },
    "root": {
      "inputs": {
        "flake-utils": "flake-utils",
        "metadata": "metadata",
        "nixpkgs": "nixpkgs"
      }
    },
    "systems": {
      "locked": {
        "lastModified": 1681028828,
        "narHash": "sha256-Vy1rq5AaRuLzOxct8nz4T6wlgyUR7zLU309k9mBC768=",
        "owner": "nix-systems",
        "repo": "default",
        "rev": "da67096a3b9bf56a91d16901293e51ba5b49a27e",
        "type": "github"
      },
      "original": {
        "owner": "nix-systems",
        "repo": "default",
        "type": "github"
      }
    }
  },
  "root": "root",
  "version": 7
}
