{
  "nodes": {
    "flake-utils": {
      "inputs": {
        "systems": "systems"
      },
      "locked": {
        "lastModified": 1694529238,
        "narHash": "sha256-zsNZZGTGnMOf9YpHKJqMSsa0dXbfmxeoJ7xHlrt+xmY=",
        "owner": "numtide",
        "repo": "flake-utils",
        "rev": "ff7b65b44d01cf9ba6a71320833626af21126384",
        "type": "github"
      },
      "original": {
        "owner": "numtide",
        "repo": "flake-utils",
        "type": "github"
      }
    },
    "metadata": {
      "inputs": {
        "flake-utils": [
          "flake-utils"
        ],
        "nixpkgs": [
          "nixpkgs"
        ]
      },
      "locked": {
        "lastModified": 1694826460,
        "narHash": "sha256-hChRYNH6FiFDIx6lqusZTO6KGPwMcaMWn+yHb5C/mGw=",
        "owner": "Ninlives",
        "repo": "minecraft.json",
        "rev": "0a4f41de882facfdb7ad70088de8030ebd2967e0",
        "type": "github"
      },
      "original": {
        "owner": "Ninlives",
        "repo": "minecraft.json",
        "type": "github"
      }
    },
    "nixpkgs": {
      "locked": {
        "lastModified": 1694911158,
        "narHash": "sha256-5WENkcO8O5SuA5pozpVppLGByWfHVv/1wOWgB2+TfV4=",
        "owner": "NixOS",
        "repo": "nixpkgs",
        "rev": "46423a1a750594236673c1d741def4e93cf5a8f7",
        "type": "github"
      },
      "original": {
        "owner": "NixOS",
        "repo": "nixpkgs",
        "type": "github"
      }
    },
    "root": {
      "inputs": {
        "flake-utils": "flake-utils",
        "metadata": "metadata",
        "nixpkgs": "nixpkgs"
      }
    },
    "systems": {
      "locked": {
        "lastModified": 1681028828,
        "narHash": "sha256-Vy1rq5AaRuLzOxct8nz4T6wlgyUR7zLU309k9mBC768=",
        "owner": "nix-systems",
        "repo": "default",
        "rev": "da67096a3b9bf56a91d16901293e51ba5b49a27e",
        "type": "github"
      },
      "original": {
        "owner": "nix-systems",
        "repo": "default",
        "type": "github"
      }
    }
  },
  "root": "root",
  "version": 7
}
