{
  "nodes": {
    "flake-utils": {
      "locked": {
        "lastModified": 1678901627,
        "narHash": "sha256-U02riOqrKKzwjsxc/400XnElV+UtPUQWpANPlyazjH0=",
        "owner": "numtide",
        "repo": "flake-utils",
        "rev": "93a2b84fc4b70d9e089d029deacc3583435c2ed6",
        "type": "github"
      },
      "original": {
        "owner": "numtide",
        "repo": "flake-utils",
        "type": "github"
      }
    },
    "metadata": {
      "inputs": {
        "flake-utils": [
          "flake-utils"
        ],
        "nixpkgs": [
          "nixpkgs"
        ]
      },
      "locked": {
        "lastModified": 1680139610,
        "narHash": "sha256-YD9OWrjbQtqN/L0kyvMLiaQ23w7aVKT6EXU0TUX6E74=",
        "owner": "Ninlives",
        "repo": "minecraft.json",
        "rev": "7c1f75b33035b746180985df204a83d44387e2de",
        "type": "github"
      },
      "original": {
        "owner": "Ninlives",
        "repo": "minecraft.json",
        "type": "github"
      }
    },
    "nixpkgs": {
      "locked": {
        "lastModified": 1680481868,
        "narHash": "sha256-/3GyhIx1PZErPgPoA6botQ+yp5MGUB5uCh9z/6Shj9s=",
        "owner": "NixOS",
        "repo": "nixpkgs",
        "rev": "ed9eb3ac00e8442504f8baa5d234d0f9fed93657",
        "type": "github"
      },
      "original": {
        "owner": "NixOS",
        "repo": "nixpkgs",
        "type": "github"
      }
    },
    "root": {
      "inputs": {
        "flake-utils": "flake-utils",
        "metadata": "metadata",
        "nixpkgs": "nixpkgs"
      }
    }
  },
  "root": "root",
  "version": 7
}
